
Microsoft Visual Studio Solution File, Format Version 12.00
# Visual Studio Version 17
VisualStudioVersion = 17.13.35828.75
MinimumVisualStudioVersion = 10.0.40219.1
Project("{FAE04EC0-301F-11D3-BF4B-00C04F79EFBC}") = "QueryPush", "QueryPush\QueryPush.csproj", "{A37F8B03-5F67-3338-B39E-11104E87FCC7}"
EndProject
Project("{FAE04EC0-301F-11D3-BF4B-00C04F79EFBC}") = "QueryPush.Tests", "QueryPush.Tests\QueryPush.Tests.csproj", "{92A8BC83-8418-178D-A1CE-30D25523D8C1}"
EndProject
Global
	GlobalSection(SolutionConfigurationPlatforms) = preSolution
		Debug|Any CPU = Debug|Any CPU
		Release|Any CPU = Release|Any CPU
	EndGlobalSection
	GlobalSection(ProjectConfigurationPlatforms) = postSolution
		{A37F8B03-5F67-3338-B39E-11104E87FCC7}.Debug|Any CPU.ActiveCfg = Debug|Any CPU
		{A37F8B03-5F67-3338-B39E-11104E87FCC7}.Debug|Any CPU.Build.0 = Debug|Any CPU
		{A37F8B03-5F67-3338-B39E-11104E87FCC7}.Release|Any CPU.ActiveCfg = Release|Any CPU
		{A37F8B03-5F67-3338-B39E-11104E87FCC7}.Release|Any CPU.Build.0 = Release|Any CPU
		{92A8BC83-8418-178D-A1CE-30D25523D8C1}.Debug|Any CPU.ActiveCfg = Debug|Any CPU
		{92A8BC83-8418-178D-A1CE-30D25523D8C1}.Debug|Any CPU.Build.0 = Debug|Any CPU
		{92A8BC83-8418-178D-A1CE-30D25523D8C1}.Release|Any CPU.ActiveCfg = Release|Any CPU
		{92A8BC83-8418-178D-A1CE-30D25523D8C1}.Release|Any CPU.Build.0 = Release|Any CPU
	EndGlobalSection
	GlobalSection(SolutionProperties) = preSolution
		HideSolutionNode = FALSE
	EndGlobalSection
	GlobalSection(ExtensibilityGlobals) = postSolution
		SolutionGuid = {937DF097-0E8A-4FB8-93BF-DCC5EF908D88}
	EndGlobalSection
EndGlobal
